
Microsoft Visual Studio Solution File, Format Version 12.00
# Visual Studio Version 17
VisualStudioVersion = 17.14.36408.4 d17.14
MinimumVisualStudioVersion = 10.0.40219.1
Project("{FAE04EC0-301F-11D3-BF4B-00C04F79EFBC}") = "ThreeSumClosest", "ThreeSumClosest\ThreeSumClosest.csproj", "{FEE847B2-7610-45CE-BD3F-5F3359206B47}"
EndProject
Global
	GlobalSection(SolutionConfigurationPlatforms) = preSolution
		Debug|Any CPU = Debug|Any CPU
		Release|Any CPU = Release|Any CPU
	EndGlobalSection
	GlobalSection(ProjectConfigurationPlatforms) = postSolution
		{FEE847B2-7610-45CE-BD3F-5F3359206B47}.Debug|Any CPU.ActiveCfg = Debug|Any CPU
		{FEE847B2-7610-45CE-BD3F-5F3359206B47}.Debug|Any CPU.Build.0 = Debug|Any CPU
		{FEE847B2-7610-45CE-BD3F-5F3359206B47}.Release|Any CPU.ActiveCfg = Release|Any CPU
		{FEE847B2-7610-45CE-BD3F-5F3359206B47}.Release|Any CPU.Build.0 = Release|Any CPU
	EndGlobalSection
	GlobalSection(SolutionProperties) = preSolution
		HideSolutionNode = FALSE
	EndGlobalSection
	GlobalSection(ExtensibilityGlobals) = postSolution
		SolutionGuid = {FD4D01F2-A3FC-4994-AA82-F405772485B6}
	EndGlobalSection
EndGlobal
