
Microsoft Visual Studio Solution File, Format Version 12.00
# Visual Studio Version 17
VisualStudioVersion = 17.14.36408.4 d17.14
MinimumVisualStudioVersion = 10.0.40219.1
Project("{FAE04EC0-301F-11D3-BF4B-00C04F79EFBC}") = "StringTransformConsole", "StringTransformConsole\StringTransformConsole.csproj", "{FBCB6C76-0222-462C-828A-05BB297C5886}"
EndProject
Global
	GlobalSection(SolutionConfigurationPlatforms) = preSolution
		Debug|Any CPU = Debug|Any CPU
		Release|Any CPU = Release|Any CPU
	EndGlobalSection
	GlobalSection(ProjectConfigurationPlatforms) = postSolution
		{FBCB6C76-0222-462C-828A-05BB297C5886}.Debug|Any CPU.ActiveCfg = Debug|Any CPU
		{FBCB6C76-0222-462C-828A-05BB297C5886}.Debug|Any CPU.Build.0 = Debug|Any CPU
		{FBCB6C76-0222-462C-828A-05BB297C5886}.Release|Any CPU.ActiveCfg = Release|Any CPU
		{FBCB6C76-0222-462C-828A-05BB297C5886}.Release|Any CPU.Build.0 = Release|Any CPU
	EndGlobalSection
	GlobalSection(SolutionProperties) = preSolution
		HideSolutionNode = FALSE
	EndGlobalSection
	GlobalSection(ExtensibilityGlobals) = postSolution
		SolutionGuid = {EE57B1CB-C56A-4816-9FD3-68FE83A0E0C0}
	EndGlobalSection
EndGlobal
