
Microsoft Visual Studio Solution File, Format Version 12.00
# Visual Studio Version 17
VisualStudioVersion = 17.14.36408.4 d17.14
MinimumVisualStudioVersion = 10.0.40219.1
Project("{FAE04EC0-301F-11D3-BF4B-00C04F79EFBC}") = "BankingSystem", "BankingSystem\BankingSystem.csproj", "{FEF77CB5-C321-4EAA-9441-29E0203EE342}"
EndProject
Global
	GlobalSection(SolutionConfigurationPlatforms) = preSolution
		Debug|Any CPU = Debug|Any CPU
		Release|Any CPU = Release|Any CPU
	EndGlobalSection
	GlobalSection(ProjectConfigurationPlatforms) = postSolution
		{FEF77CB5-C321-4EAA-9441-29E0203EE342}.Debug|Any CPU.ActiveCfg = Debug|Any CPU
		{FEF77CB5-C321-4EAA-9441-29E0203EE342}.Debug|Any CPU.Build.0 = Debug|Any CPU
		{FEF77CB5-C321-4EAA-9441-29E0203EE342}.Release|Any CPU.ActiveCfg = Release|Any CPU
		{FEF77CB5-C321-4EAA-9441-29E0203EE342}.Release|Any CPU.Build.0 = Release|Any CPU
	EndGlobalSection
	GlobalSection(SolutionProperties) = preSolution
		HideSolutionNode = FALSE
	EndGlobalSection
	GlobalSection(ExtensibilityGlobals) = postSolution
		SolutionGuid = {6F83E7D6-53E6-4404-BB3F-9DCDAAEBE57F}
	EndGlobalSection
EndGlobal
