
Microsoft Visual Studio Solution File, Format Version 12.00
# Visual Studio Version 17
VisualStudioVersion = 17.14.36408.4 d17.14
MinimumVisualStudioVersion = 10.0.40219.1
Project("{FAE04EC0-301F-11D3-BF4B-00C04F79EFBC}") = "LongestPalindromeApp", "LongestPalindromeApp\LongestPalindromeApp.csproj", "{B7656867-EB1B-443D-9FDF-5455AF7DDCD8}"
EndProject
Global
	GlobalSection(SolutionConfigurationPlatforms) = preSolution
		Debug|Any CPU = Debug|Any CPU
		Release|Any CPU = Release|Any CPU
	EndGlobalSection
	GlobalSection(ProjectConfigurationPlatforms) = postSolution
		{B7656867-EB1B-443D-9FDF-5455AF7DDCD8}.Debug|Any CPU.ActiveCfg = Debug|Any CPU
		{B7656867-EB1B-443D-9FDF-5455AF7DDCD8}.Debug|Any CPU.Build.0 = Debug|Any CPU
		{B7656867-EB1B-443D-9FDF-5455AF7DDCD8}.Release|Any CPU.ActiveCfg = Release|Any CPU
		{B7656867-EB1B-443D-9FDF-5455AF7DDCD8}.Release|Any CPU.Build.0 = Release|Any CPU
	EndGlobalSection
	GlobalSection(SolutionProperties) = preSolution
		HideSolutionNode = FALSE
	EndGlobalSection
	GlobalSection(ExtensibilityGlobals) = postSolution
		SolutionGuid = {6B29E825-D596-440F-BF49-BCB703617735}
	EndGlobalSection
EndGlobal
