
Microsoft Visual Studio Solution File, Format Version 12.00
# Visual Studio Version 17
VisualStudioVersion = 17.14.36408.4 d17.14
MinimumVisualStudioVersion = 10.0.40219.1
Project("{FAE04EC0-301F-11D3-BF4B-00C04F79EFBC}") = "PhoneLetterCombinationsApp", "PhoneLetterCombinationsApp\PhoneLetterCombinationsApp.csproj", "{90A78A0A-A04F-4810-BFCA-C222F6E69294}"
EndProject
Global
	GlobalSection(SolutionConfigurationPlatforms) = preSolution
		Debug|Any CPU = Debug|Any CPU
		Release|Any CPU = Release|Any CPU
	EndGlobalSection
	GlobalSection(ProjectConfigurationPlatforms) = postSolution
		{90A78A0A-A04F-4810-BFCA-C222F6E69294}.Debug|Any CPU.ActiveCfg = Debug|Any CPU
		{90A78A0A-A04F-4810-BFCA-C222F6E69294}.Debug|Any CPU.Build.0 = Debug|Any CPU
		{90A78A0A-A04F-4810-BFCA-C222F6E69294}.Release|Any CPU.ActiveCfg = Release|Any CPU
		{90A78A0A-A04F-4810-BFCA-C222F6E69294}.Release|Any CPU.Build.0 = Release|Any CPU
	EndGlobalSection
	GlobalSection(SolutionProperties) = preSolution
		HideSolutionNode = FALSE
	EndGlobalSection
	GlobalSection(ExtensibilityGlobals) = postSolution
		SolutionGuid = {214E0F16-4B3B-4C2C-A052-6C0D5CC1D763}
	EndGlobalSection
EndGlobal
