
Microsoft Visual Studio Solution File, Format Version 12.00
# Visual Studio Version 17
VisualStudioVersion = 17.14.36408.4 d17.14
MinimumVisualStudioVersion = 10.0.40219.1
Project("{FAE04EC0-301F-11D3-BF4B-00C04F79EFBC}") = "CountMergedRoutes", "CountMergedRoutes\CountMergedRoutes.csproj", "{6DF33E5D-0E52-4159-AB83-630D014B5CE7}"
EndProject
Global
	GlobalSection(SolutionConfigurationPlatforms) = preSolution
		Debug|Any CPU = Debug|Any CPU
		Release|Any CPU = Release|Any CPU
	EndGlobalSection
	GlobalSection(ProjectConfigurationPlatforms) = postSolution
		{6DF33E5D-0E52-4159-AB83-630D014B5CE7}.Debug|Any CPU.ActiveCfg = Debug|Any CPU
		{6DF33E5D-0E52-4159-AB83-630D014B5CE7}.Debug|Any CPU.Build.0 = Debug|Any CPU
		{6DF33E5D-0E52-4159-AB83-630D014B5CE7}.Release|Any CPU.ActiveCfg = Release|Any CPU
		{6DF33E5D-0E52-4159-AB83-630D014B5CE7}.Release|Any CPU.Build.0 = Release|Any CPU
	EndGlobalSection
	GlobalSection(SolutionProperties) = preSolution
		HideSolutionNode = FALSE
	EndGlobalSection
	GlobalSection(ExtensibilityGlobals) = postSolution
		SolutionGuid = {6D8A2BF2-7361-4ADB-896C-E1E3FC68AED5}
	EndGlobalSection
EndGlobal
