
Microsoft Visual Studio Solution File, Format Version 12.00
# Visual Studio Version 17
VisualStudioVersion = 17.14.36408.4 d17.14
MinimumVisualStudioVersion = 10.0.40219.1
Project("{FAE04EC0-301F-11D3-BF4B-00C04F79EFBC}") = "CSharpConceptsLab", "CSharpConceptsLab\CSharpConceptsLab.csproj", "{586473AE-E450-464B-8276-BA7D9EC5EDAE}"
EndProject
Global
	GlobalSection(SolutionConfigurationPlatforms) = preSolution
		Debug|Any CPU = Debug|Any CPU
		Release|Any CPU = Release|Any CPU
	EndGlobalSection
	GlobalSection(ProjectConfigurationPlatforms) = postSolution
		{586473AE-E450-464B-8276-BA7D9EC5EDAE}.Debug|Any CPU.ActiveCfg = Debug|Any CPU
		{586473AE-E450-464B-8276-BA7D9EC5EDAE}.Debug|Any CPU.Build.0 = Debug|Any CPU
		{586473AE-E450-464B-8276-BA7D9EC5EDAE}.Release|Any CPU.ActiveCfg = Release|Any CPU
		{586473AE-E450-464B-8276-BA7D9EC5EDAE}.Release|Any CPU.Build.0 = Release|Any CPU
	EndGlobalSection
	GlobalSection(SolutionProperties) = preSolution
		HideSolutionNode = FALSE
	EndGlobalSection
	GlobalSection(ExtensibilityGlobals) = postSolution
		SolutionGuid = {19CE9FF7-11B5-4469-9691-0668A7A42501}
	EndGlobalSection
EndGlobal
