
Microsoft Visual Studio Solution File, Format Version 12.00
# Visual Studio Version 17
VisualStudioVersion = 17.14.36408.4 d17.14
MinimumVisualStudioVersion = 10.0.40219.1
Project("{FAE04EC0-301F-11D3-BF4B-00C04F79EFBC}") = "TypeCastingDemo", "TypeCastingDemo\TypeCastingDemo.csproj", "{AEBB40C5-5A3D-442B-926E-83FD385B91ED}"
EndProject
Global
	GlobalSection(SolutionConfigurationPlatforms) = preSolution
		Debug|Any CPU = Debug|Any CPU
		Release|Any CPU = Release|Any CPU
	EndGlobalSection
	GlobalSection(ProjectConfigurationPlatforms) = postSolution
		{AEBB40C5-5A3D-442B-926E-83FD385B91ED}.Debug|Any CPU.ActiveCfg = Debug|Any CPU
		{AEBB40C5-5A3D-442B-926E-83FD385B91ED}.Debug|Any CPU.Build.0 = Debug|Any CPU
		{AEBB40C5-5A3D-442B-926E-83FD385B91ED}.Release|Any CPU.ActiveCfg = Release|Any CPU
		{AEBB40C5-5A3D-442B-926E-83FD385B91ED}.Release|Any CPU.Build.0 = Release|Any CPU
	EndGlobalSection
	GlobalSection(SolutionProperties) = preSolution
		HideSolutionNode = FALSE
	EndGlobalSection
	GlobalSection(ExtensibilityGlobals) = postSolution
		SolutionGuid = {DBD33C87-B01A-438F-BC3B-2163074C040F}
	EndGlobalSection
EndGlobal
