
Microsoft Visual Studio Solution File, Format Version 12.00
# Visual Studio Version 17
VisualStudioVersion = 17.14.36408.4 d17.14
MinimumVisualStudioVersion = 10.0.40219.1
Project("{FAE04EC0-301F-11D3-BF4B-00C04F79EFBC}") = "AbstractionInheritanceDemo", "AbstractionInheritanceDemo\AbstractionInheritanceDemo.csproj", "{15ABCC48-46D9-4A75-998F-11763B6117A6}"
EndProject
Global
	GlobalSection(SolutionConfigurationPlatforms) = preSolution
		Debug|Any CPU = Debug|Any CPU
		Release|Any CPU = Release|Any CPU
	EndGlobalSection
	GlobalSection(ProjectConfigurationPlatforms) = postSolution
		{15ABCC48-46D9-4A75-998F-11763B6117A6}.Debug|Any CPU.ActiveCfg = Debug|Any CPU
		{15ABCC48-46D9-4A75-998F-11763B6117A6}.Debug|Any CPU.Build.0 = Debug|Any CPU
		{15ABCC48-46D9-4A75-998F-11763B6117A6}.Release|Any CPU.ActiveCfg = Release|Any CPU
		{15ABCC48-46D9-4A75-998F-11763B6117A6}.Release|Any CPU.Build.0 = Release|Any CPU
	EndGlobalSection
	GlobalSection(SolutionProperties) = preSolution
		HideSolutionNode = FALSE
	EndGlobalSection
	GlobalSection(ExtensibilityGlobals) = postSolution
		SolutionGuid = {34E32E0C-A0E1-4A79-9393-991DEC41E7F7}
	EndGlobalSection
EndGlobal
